// !$*UTF8*$!
{
	archiveVersion = 1;
	classes = {
	};
	objectVersion = 56;
	objects = {

/* Begin PBXBuildFile section */
		F28BFA172CE7CA2100226D42 /* FirebaseAnalytics in Frameworks */ = {isa = PBXBuildFile; productRef = F28BFA162CE7CA2100226D42 /* FirebaseAnalytics */; };
		F28BFA192CE7CA2100226D42 /* FirebaseAnalyticsOnDeviceConversion in Frameworks */ = {isa = PBXBuildFile; productRef = F28BFA182CE7CA2100226D42 /* FirebaseAnalyticsOnDeviceConversion */; };
		F28BFA1B2CE7CA2100226D42 /* FirebaseAnalyticsWithoutAdIdSupport in Frameworks */ = {isa = PBXBuildFile; productRef = F28BFA1A2CE7CA2100226D42 /* FirebaseAnalyticsWithoutAdIdSupport */; };
		F28BFA1D2CE7CA2100226D42 /* FirebaseAppCheck in Frameworks */ = {isa = PBXBuildFile; productRef = F28BFA1C2CE7CA2100226D42 /* FirebaseAppCheck */; };
		F28BFA1F2CE7CA2100226D42 /* FirebaseAppDistribution-Beta in Frameworks */ = {isa = PBXBuildFile; productRef = F28BFA1E2CE7CA2100226D42 /* FirebaseAppDistribution-Beta */; };
		F28BFA212CE7CA2100226D42 /* FirebaseAuth in Frameworks */ = {isa = PBXBuildFile; productRef = F28BFA202CE7CA2100226D42 /* FirebaseAuth */; };
		F28BFA232CE7CA2100226D42 /* FirebaseAuthCombine-Community in Frameworks */ = {isa = PBXBuildFile; productRef = F28BFA222CE7CA2100226D42 /* FirebaseAuthCombine-Community */; };
		F28BFA252CE7CA2100226D42 /* FirebaseCore in Frameworks */ = {isa = PBXBuildFile; productRef = F28BFA242CE7CA2100226D42 /* FirebaseCore */; };
		F28BFA272CE7CA2100226D42 /* FirebaseCrashlytics in Frameworks */ = {isa = PBXBuildFile; productRef = F28BFA262CE7CA2100226D42 /* FirebaseCrashlytics */; };
		F28BFA292CE7CA2100226D42 /* FirebaseDatabase in Frameworks */ = {isa = PBXBuildFile; productRef = F28BFA282CE7CA2100226D42 /* FirebaseDatabase */; };
		F28BFA2B2CE7CA2100226D42 /* FirebaseDynamicLinks in Frameworks */ = {isa = PBXBuildFile; productRef = F28BFA2A2CE7CA2100226D42 /* FirebaseDynamicLinks */; };
		F28BFA2D2CE7CA2100226D42 /* FirebaseFirestore in Frameworks */ = {isa = PBXBuildFile; productRef = F28BFA2C2CE7CA2100226D42 /* FirebaseFirestore */; };
		F28BFA2F2CE7CA2100226D42 /* FirebaseFirestoreCombine-Community in Frameworks */ = {isa = PBXBuildFile; productRef = F28BFA2E2CE7CA2100226D42 /* FirebaseFirestoreCombine-Community */; };
		F28BFA312CE7CA2100226D42 /* FirebaseFunctions in Frameworks */ = {isa = PBXBuildFile; productRef = F28BFA302CE7CA2100226D42 /* FirebaseFunctions */; };
		F28BFA332CE7CA2100226D42 /* FirebaseFunctionsCombine-Community in Frameworks */ = {isa = PBXBuildFile; productRef = F28BFA322CE7CA2100226D42 /* FirebaseFunctionsCombine-Community */; };
		F28BFA352CE7CA2100226D42 /* FirebaseInAppMessaging-Beta in Frameworks */ = {isa = PBXBuildFile; productRef = F28BFA342CE7CA2100226D42 /* FirebaseInAppMessaging-Beta */; };
		F28BFA372CE7CA2100226D42 /* FirebaseInstallations in Frameworks */ = {isa = PBXBuildFile; productRef = F28BFA362CE7CA2100226D42 /* FirebaseInstallations */; };
		F28BFA392CE7CA2100226D42 /* FirebaseMLModelDownloader in Frameworks */ = {isa = PBXBuildFile; productRef = F28BFA382CE7CA2100226D42 /* FirebaseMLModelDownloader */; };
		F28BFA3B2CE7CA2100226D42 /* FirebaseMessaging in Frameworks */ = {isa = PBXBuildFile; productRef = F28BFA3A2CE7CA2100226D42 /* FirebaseMessaging */; };
		F28BFA3D2CE7CA2100226D42 /* FirebasePerformance in Frameworks */ = {isa = PBXBuildFile; productRef = F28BFA3C2CE7CA2100226D42 /* FirebasePerformance */; };
		F28BFA3F2CE7CA2100226D42 /* FirebaseRemoteConfig in Frameworks */ = {isa = PBXBuildFile; productRef = F28BFA3E2CE7CA2100226D42 /* FirebaseRemoteConfig */; };
		F28BFA412CE7CA2100226D42 /* FirebaseStorage in Frameworks */ = {isa = PBXBuildFile; productRef = F28BFA402CE7CA2100226D42 /* FirebaseStorage */; };
		F28BFA432CE7CA2100226D42 /* FirebaseStorageCombine-Community in Frameworks */ = {isa = PBXBuildFile; productRef = F28BFA422CE7CA2100226D42 /* FirebaseStorageCombine-Community */; };
		F28BFA452CE7CA2100226D42 /* FirebaseVertexAI in Frameworks */ = {isa = PBXBuildFile; productRef = F28BFA442CE7CA2100226D42 /* FirebaseVertexAI */; };
		F28BFA472CE7CC5800226D42 /* Product.swift in Sources */ = {isa = PBXBuildFile; fileRef = F28BFA462CE7CC5800226D42 /* Product.swift */; };
		F28BFA492CE7DCC900226D42 /* GoogleService-Info.plist in Resources */ = {isa = PBXBuildFile; fileRef = F28BFA482CE7DCC900226D42 /* GoogleService-Info.plist */; };
		F28BFA4B2CE9109F00226D42 /* FavoritesView.swift in Sources */ = {isa = PBXBuildFile; fileRef = F28BFA4A2CE9109F00226D42 /* FavoritesView.swift */; };
		F28BFA4D2CE910C700226D42 /* CartView.swift in Sources */ = {isa = PBXBuildFile; fileRef = F28BFA4C2CE910C700226D42 /* CartView.swift */; };
		F28BFA4F2CE92CCA00226D42 /* ProductCardView.swift in Sources */ = {isa = PBXBuildFile; fileRef = F28BFA4E2CE92CCA00226D42 /* ProductCardView.swift */; };
		F28BFA512CE9328300226D42 /* CardImageView.swift in Sources */ = {isa = PBXBuildFile; fileRef = F28BFA502CE9328300226D42 /* CardImageView.swift */; };
		F2EC31E22CE7A9A600406866 /* OnlineShopApp.swift in Sources */ = {isa = PBXBuildFile; fileRef = F2EC31E12CE7A9A600406866 /* OnlineShopApp.swift */; };
		F2EC31E42CE7A9A600406866 /* ContentView.swift in Sources */ = {isa = PBXBuildFile; fileRef = F2EC31E32CE7A9A600406866 /* ContentView.swift */; };
		F2EC31E62CE7A9A900406866 /* Assets.xcassets in Resources */ = {isa = PBXBuildFile; fileRef = F2EC31E52CE7A9A900406866 /* Assets.xcassets */; };
		F2EC31E92CE7A9A900406866 /* Preview Assets.xcassets in Resources */ = {isa = PBXBuildFile; fileRef = F2EC31E82CE7A9A900406866 /* Preview Assets.xcassets */; };
/* End PBXBuildFile section */

/* Begin PBXFileReference section */
		F28BFA462CE7CC5800226D42 /* Product.swift */ = {isa = PBXFileReference; lastKnownFileType = sourcecode.swift; path = Product.swift; sourceTree = "<group>"; };
		F28BFA482CE7DCC900226D42 /* GoogleService-Info.plist */ = {isa = PBXFileReference; fileEncoding = 4; lastKnownFileType = text.plist.xml; name = "GoogleService-Info.plist"; path = "../../../../../Downloads/GoogleService-Info.plist"; sourceTree = "<group>"; };
		F28BFA4A2CE9109F00226D42 /* FavoritesView.swift */ = {isa = PBXFileReference; lastKnownFileType = sourcecode.swift; path = FavoritesView.swift; sourceTree = "<group>"; };
		F28BFA4C2CE910C700226D42 /* CartView.swift */ = {isa = PBXFileReference; lastKnownFileType = sourcecode.swift; path = CartView.swift; sourceTree = "<group>"; };
		F28BFA4E2CE92CCA00226D42 /* ProductCardView.swift */ = {isa = PBXFileReference; lastKnownFileType = sourcecode.swift; path = ProductCardView.swift; sourceTree = "<group>"; };
		F28BFA502CE9328300226D42 /* CardImageView.swift */ = {isa = PBXFileReference; lastKnownFileType = sourcecode.swift; path = CardImageView.swift; sourceTree = "<group>"; };
		F2EC31DE2CE7A9A600406866 /* OnlineShop.app */ = {isa = PBXFileReference; explicitFileType = wrapper.application; includeInIndex = 0; path = OnlineShop.app; sourceTree = BUILT_PRODUCTS_DIR; };
		F2EC31E12CE7A9A600406866 /* OnlineShopApp.swift */ = {isa = PBXFileReference; lastKnownFileType = sourcecode.swift; path = OnlineShopApp.swift; sourceTree = "<group>"; };
		F2EC31E32CE7A9A600406866 /* ContentView.swift */ = {isa = PBXFileReference; lastKnownFileType = sourcecode.swift; path = ContentView.swift; sourceTree = "<group>"; };
		F2EC31E52CE7A9A900406866 /* Assets.xcassets */ = {isa = PBXFileReference; lastKnownFileType = folder.assetcatalog; path = Assets.xcassets; sourceTree = "<group>"; };
		F2EC31E82CE7A9A900406866 /* Preview Assets.xcassets */ = {isa = PBXFileReference; lastKnownFileType = folder.assetcatalog; path = "Preview Assets.xcassets"; sourceTree = "<group>"; };
/* End PBXFileReference section */

/* Begin PBXFrameworksBuildPhase section */
		F2EC31DB2CE7A9A600406866 /* Frameworks */ = {
			isa = PBXFrameworksBuildPhase;
			buildActionMask = 2147483647;
			files = (
				F28BFA2F2CE7CA2100226D42 /* FirebaseFirestoreCombine-Community in Frameworks */,
				F28BFA452CE7CA2100226D42 /* FirebaseVertexAI in Frameworks */,
				F28BFA312CE7CA2100226D42 /* FirebaseFunctions in Frameworks */,
				F28BFA3D2CE7CA2100226D42 /* FirebasePerformance in Frameworks */,
				F28BFA432CE7CA2100226D42 /* FirebaseStorageCombine-Community in Frameworks */,
				F28BFA3F2CE7CA2100226D42 /* FirebaseRemoteConfig in Frameworks */,
				F28BFA292CE7CA2100226D42 /* FirebaseDatabase in Frameworks */,
				F28BFA2B2CE7CA2100226D42 /* FirebaseDynamicLinks in Frameworks */,
				F28BFA1D2CE7CA2100226D42 /* FirebaseAppCheck in Frameworks */,
				F28BFA212CE7CA2100226D42 /* FirebaseAuth in Frameworks */,
				F28BFA172CE7CA2100226D42 /* FirebaseAnalytics in Frameworks */,
				F28BFA2D2CE7CA2100226D42 /* FirebaseFirestore in Frameworks */,
				F28BFA3B2CE7CA2100226D42 /* FirebaseMessaging in Frameworks */,
				F28BFA372CE7CA2100226D42 /* FirebaseInstallations in Frameworks */,
				F28BFA332CE7CA2100226D42 /* FirebaseFunctionsCombine-Community in Frameworks */,
				F28BFA1F2CE7CA2100226D42 /* FirebaseAppDistribution-Beta in Frameworks */,
				F28BFA1B2CE7CA2100226D42 /* FirebaseAnalyticsWithoutAdIdSupport in Frameworks */,
				F28BFA352CE7CA2100226D42 /* FirebaseInAppMessaging-Beta in Frameworks */,
				F28BFA232CE7CA2100226D42 /* FirebaseAuthCombine-Community in Frameworks */,
				F28BFA272CE7CA2100226D42 /* FirebaseCrashlytics in Frameworks */,
				F28BFA392CE7CA2100226D42 /* FirebaseMLModelDownloader in Frameworks */,
				F28BFA412CE7CA2100226D42 /* FirebaseStorage in Frameworks */,
				F28BFA252CE7CA2100226D42 /* FirebaseCore in Frameworks */,
				F28BFA192CE7CA2100226D42 /* FirebaseAnalyticsOnDeviceConversion in Frameworks */,
			);
			runOnlyForDeploymentPostprocessing = 0;
		};
/* End PBXFrameworksBuildPhase section */

/* Begin PBXGroup section */
		F2EC31D52CE7A9A600406866 = {
			isa = PBXGroup;
			children = (
				F2EC31E02CE7A9A600406866 /* OnlineShop */,
				F2EC31DF2CE7A9A600406866 /* Products */,
			);
			sourceTree = "<group>";
		};
		F2EC31DF2CE7A9A600406866 /* Products */ = {
			isa = PBXGroup;
			children = (
				F2EC31DE2CE7A9A600406866 /* OnlineShop.app */,
			);
			name = Products;
			sourceTree = "<group>";
		};
		F2EC31E02CE7A9A600406866 /* OnlineShop */ = {
			isa = PBXGroup;
			children = (
				F2EC31E12CE7A9A600406866 /* OnlineShopApp.swift */,
				F2EC31E32CE7A9A600406866 /* ContentView.swift */,
				F28BFA4A2CE9109F00226D42 /* FavoritesView.swift */,
				F28BFA4C2CE910C700226D42 /* CartView.swift */,
				F28BFA4E2CE92CCA00226D42 /* ProductCardView.swift */,
				F28BFA502CE9328300226D42 /* CardImageView.swift */,
				F28BFA462CE7CC5800226D42 /* Product.swift */,
				F2EC31E52CE7A9A900406866 /* Assets.xcassets */,
				F28BFA482CE7DCC900226D42 /* GoogleService-Info.plist */,
				F2EC31E72CE7A9A900406866 /* Preview Content */,
			);
			path = OnlineShop;
			sourceTree = "<group>";
		};
		F2EC31E72CE7A9A900406866 /* Preview Content */ = {
			isa = PBXGroup;
			children = (
				F2EC31E82CE7A9A900406866 /* Preview Assets.xcassets */,
			);
			path = "Preview Content";
			sourceTree = "<group>";
		};
/* End PBXGroup section */

/* Begin PBXNativeTarget section */
		F2EC31DD2CE7A9A600406866 /* OnlineShop */ = {
			isa = PBXNativeTarget;
			buildConfigurationList = F2EC31EC2CE7A9A900406866 /* Build configuration list for PBXNativeTarget "OnlineShop" */;
			buildPhases = (
				F2EC31DA2CE7A9A600406866 /* Sources */,
				F2EC31DB2CE7A9A600406866 /* Frameworks */,
				F2EC31DC2CE7A9A600406866 /* Resources */,
			);
			buildRules = (
			);
			dependencies = (
			);
			name = OnlineShop;
			packageProductDependencies = (
				F28BFA162CE7CA2100226D42 /* FirebaseAnalytics */,
				F28BFA182CE7CA2100226D42 /* FirebaseAnalyticsOnDeviceConversion */,
				F28BFA1A2CE7CA2100226D42 /* FirebaseAnalyticsWithoutAdIdSupport */,
				F28BFA1C2CE7CA2100226D42 /* FirebaseAppCheck */,
				F28BFA1E2CE7CA2100226D42 /* FirebaseAppDistribution-Beta */,
				F28BFA202CE7CA2100226D42 /* FirebaseAuth */,
				F28BFA222CE7CA2100226D42 /* FirebaseAuthCombine-Community */,
				F28BFA242CE7CA2100226D42 /* FirebaseCore */,
				F28BFA262CE7CA2100226D42 /* FirebaseCrashlytics */,
				F28BFA282CE7CA2100226D42 /* FirebaseDatabase */,
				F28BFA2A2CE7CA2100226D42 /* FirebaseDynamicLinks */,
				F28BFA2C2CE7CA2100226D42 /* FirebaseFirestore */,
				F28BFA2E2CE7CA2100226D42 /* FirebaseFirestoreCombine-Community */,
				F28BFA302CE7CA2100226D42 /* FirebaseFunctions */,
				F28BFA322CE7CA2100226D42 /* FirebaseFunctionsCombine-Community */,
				F28BFA342CE7CA2100226D42 /* FirebaseInAppMessaging-Beta */,
				F28BFA362CE7CA2100226D42 /* FirebaseInstallations */,
				F28BFA382CE7CA2100226D42 /* FirebaseMLModelDownloader */,
				F28BFA3A2CE7CA2100226D42 /* FirebaseMessaging */,
				F28BFA3C2CE7CA2100226D42 /* FirebasePerformance */,
				F28BFA3E2CE7CA2100226D42 /* FirebaseRemoteConfig */,
				F28BFA402CE7CA2100226D42 /* FirebaseStorage */,
				F28BFA422CE7CA2100226D42 /* FirebaseStorageCombine-Community */,
				F28BFA442CE7CA2100226D42 /* FirebaseVertexAI */,
			);
			productName = OnlineShop;
			productReference = F2EC31DE2CE7A9A600406866 /* OnlineShop.app */;
			productType = "com.apple.product-type.application";
		};
/* End PBXNativeTarget section */

/* Begin PBXProject section */
		F2EC31D62CE7A9A600406866 /* Project object */ = {
			isa = PBXProject;
			attributes = {
				BuildIndependentTargetsInParallel = 1;
				LastSwiftUpdateCheck = 1520;
				LastUpgradeCheck = 1520;
				TargetAttributes = {
					F2EC31DD2CE7A9A600406866 = {
						CreatedOnToolsVersion = 15.2;
					};
				};
			};
			buildConfigurationList = F2EC31D92CE7A9A600406866 /* Build configuration list for PBXProject "OnlineShop" */;
			compatibilityVersion = "Xcode 14.0";
			developmentRegion = en;
			hasScannedForEncodings = 0;
			knownRegions = (
				en,
				Base,
			);
			mainGroup = F2EC31D52CE7A9A600406866;
			packageReferences = (
				F28BFA152CE7CA2100226D42 /* XCRemoteSwiftPackageReference "firebase-ios-sdk" */,
			);
			productRefGroup = F2EC31DF2CE7A9A600406866 /* Products */;
			projectDirPath = "";
			projectRoot = "";
			targets = (
				F2EC31DD2CE7A9A600406866 /* OnlineShop */,
			);
		};
/* End PBXProject section */

/* Begin PBXResourcesBuildPhase section */
		F2EC31DC2CE7A9A600406866 /* Resources */ = {
			isa = PBXResourcesBuildPhase;
			buildActionMask = 2147483647;
			files = (
				F2EC31E92CE7A9A900406866 /* Preview Assets.xcassets in Resources */,
				F28BFA492CE7DCC900226D42 /* GoogleService-Info.plist in Resources */,
				F2EC31E62CE7A9A900406866 /* Assets.xcassets in Resources */,
			);
			runOnlyForDeploymentPostprocessing = 0;
		};
/* End PBXResourcesBuildPhase section */

/* Begin PBXSourcesBuildPhase section */
		F2EC31DA2CE7A9A600406866 /* Sources */ = {
			isa = PBXSourcesBuildPhase;
			buildActionMask = 2147483647;
			files = (
				F28BFA4F2CE92CCA00226D42 /* ProductCardView.swift in Sources */,
				F28BFA4D2CE910C700226D42 /* CartView.swift in Sources */,
				F28BFA512CE9328300226D42 /* CardImageView.swift in Sources */,
				F28BFA4B2CE9109F00226D42 /* FavoritesView.swift in Sources */,
				F2EC31E42CE7A9A600406866 /* ContentView.swift in Sources */,
				F2EC31E22CE7A9A600406866 /* OnlineShopApp.swift in Sources */,
				F28BFA472CE7CC5800226D42 /* Product.swift in Sources */,
			);
			runOnlyForDeploymentPostprocessing = 0;
		};
/* End PBXSourcesBuildPhase section */

/* Begin XCBuildConfiguration section */
		F2EC31EA2CE7A9A900406866 /* Debug */ = {
			isa = XCBuildConfiguration;
			buildSettings = {
				ALWAYS_SEARCH_USER_PATHS = NO;
				ASSETCATALOG_COMPILER_GENERATE_SWIFT_ASSET_SYMBOL_EXTENSIONS = YES;
				CLANG_ANALYZER_NONNULL = YES;
				CLANG_ANALYZER_NUMBER_OBJECT_CONVERSION = YES_AGGRESSIVE;
				CLANG_CXX_LANGUAGE_STANDARD = "gnu++20";
				CLANG_ENABLE_MODULES = YES;
				CLANG_ENABLE_OBJC_ARC = YES;
				CLANG_ENABLE_OBJC_WEAK = YES;
				CLANG_WARN_BLOCK_CAPTURE_AUTORELEASING = YES;
				CLANG_WARN_BOOL_CONVERSION = YES;
				CLANG_WARN_COMMA = YES;
				CLANG_WARN_CONSTANT_CONVERSION = YES;
				CLANG_WARN_DEPRECATED_OBJC_IMPLEMENTATIONS = YES;
				CLANG_WARN_DIRECT_OBJC_ISA_USAGE = YES_ERROR;
				CLANG_WARN_DOCUMENTATION_COMMENTS = YES;
				CLANG_WARN_EMPTY_BODY = YES;
				CLANG_WARN_ENUM_CONVERSION = YES;
				CLANG_WARN_INFINITE_RECURSION = YES;
				CLANG_WARN_INT_CONVERSION = YES;
				CLANG_WARN_NON_LITERAL_NULL_CONVERSION = YES;
				CLANG_WARN_OBJC_IMPLICIT_RETAIN_SELF = YES;
				CLANG_WARN_OBJC_LITERAL_CONVERSION = YES;
				CLANG_WARN_OBJC_ROOT_CLASS = YES_ERROR;
				CLANG_WARN_QUOTED_INCLUDE_IN_FRAMEWORK_HEADER = YES;
				CLANG_WARN_RANGE_LOOP_ANALYSIS = YES;
				CLANG_WARN_STRICT_PROTOTYPES = YES;
				CLANG_WARN_SUSPICIOUS_MOVE = YES;
				CLANG_WARN_UNGUARDED_AVAILABILITY = YES_AGGRESSIVE;
				CLANG_WARN_UNREACHABLE_CODE = YES;
				CLANG_WARN__DUPLICATE_METHOD_MATCH = YES;
				COPY_PHASE_STRIP = NO;
				DEBUG_INFORMATION_FORMAT = dwarf;
				ENABLE_STRICT_OBJC_MSGSEND = YES;
				ENABLE_TESTABILITY = YES;
				ENABLE_USER_SCRIPT_SANDBOXING = YES;
				GCC_C_LANGUAGE_STANDARD = gnu17;
				GCC_DYNAMIC_NO_PIC = NO;
				GCC_NO_COMMON_BLOCKS = YES;
				GCC_OPTIMIZATION_LEVEL = 0;
				GCC_PREPROCESSOR_DEFINITIONS = (
					"DEBUG=1",
					"$(inherited)",
				);
				GCC_WARN_64_TO_32_BIT_CONVERSION = YES;
				GCC_WARN_ABOUT_RETURN_TYPE = YES_ERROR;
				GCC_WARN_UNDECLARED_SELECTOR = YES;
				GCC_WARN_UNINITIALIZED_AUTOS = YES_AGGRESSIVE;
				GCC_WARN_UNUSED_FUNCTION = YES;
				GCC_WARN_UNUSED_VARIABLE = YES;
				IPHONEOS_DEPLOYMENT_TARGET = 17.2;
				LOCALIZATION_PREFERS_STRING_CATALOGS = YES;
				MTL_ENABLE_DEBUG_INFO = INCLUDE_SOURCE;
				MTL_FAST_MATH = YES;
				ONLY_ACTIVE_ARCH = YES;
				SDKROOT = iphoneos;
				SWIFT_ACTIVE_COMPILATION_CONDITIONS = "DEBUG $(inherited)";
				SWIFT_OPTIMIZATION_LEVEL = "-Onone";
			};
			name = Debug;
		};
		F2EC31EB2CE7A9A900406866 /* Release */ = {
			isa = XCBuildConfiguration;
			buildSettings = {
				ALWAYS_SEARCH_USER_PATHS = NO;
				ASSETCATALOG_COMPILER_GENERATE_SWIFT_ASSET_SYMBOL_EXTENSIONS = YES;
				CLANG_ANALYZER_NONNULL = YES;
				CLANG_ANALYZER_NUMBER_OBJECT_CONVERSION = YES_AGGRESSIVE;
				CLANG_CXX_LANGUAGE_STANDARD = "gnu++20";
				CLANG_ENABLE_MODULES = YES;
				CLANG_ENABLE_OBJC_ARC = YES;
				CLANG_ENABLE_OBJC_WEAK = YES;
				CLANG_WARN_BLOCK_CAPTURE_AUTORELEASING = YES;
				CLANG_WARN_BOOL_CONVERSION = YES;
				CLANG_WARN_COMMA = YES;
				CLANG_WARN_CONSTANT_CONVERSION = YES;
				CLANG_WARN_DEPRECATED_OBJC_IMPLEMENTATIONS = YES;
				CLANG_WARN_DIRECT_OBJC_ISA_USAGE = YES_ERROR;
				CLANG_WARN_DOCUMENTATION_COMMENTS = YES;
				CLANG_WARN_EMPTY_BODY = YES;
				CLANG_WARN_ENUM_CONVERSION = YES;
				CLANG_WARN_INFINITE_RECURSION = YES;
				CLANG_WARN_INT_CONVERSION = YES;
				CLANG_WARN_NON_LITERAL_NULL_CONVERSION = YES;
				CLANG_WARN_OBJC_IMPLICIT_RETAIN_SELF = YES;
				CLANG_WARN_OBJC_LITERAL_CONVERSION = YES;
				CLANG_WARN_OBJC_ROOT_CLASS = YES_ERROR;
				CLANG_WARN_QUOTED_INCLUDE_IN_FRAMEWORK_HEADER = YES;
				CLANG_WARN_RANGE_LOOP_ANALYSIS = YES;
				CLANG_WARN_STRICT_PROTOTYPES = YES;
				CLANG_WARN_SUSPICIOUS_MOVE = YES;
				CLANG_WARN_UNGUARDED_AVAILABILITY = YES_AGGRESSIVE;
				CLANG_WARN_UNREACHABLE_CODE = YES;
				CLANG_WARN__DUPLICATE_METHOD_MATCH = YES;
				COPY_PHASE_STRIP = NO;
				DEBUG_INFORMATION_FORMAT = "dwarf-with-dsym";
				ENABLE_NS_ASSERTIONS = NO;
				ENABLE_STRICT_OBJC_MSGSEND = YES;
				ENABLE_USER_SCRIPT_SANDBOXING = YES;
				GCC_C_LANGUAGE_STANDARD = gnu17;
				GCC_NO_COMMON_BLOCKS = YES;
				GCC_WARN_64_TO_32_BIT_CONVERSION = YES;
				GCC_WARN_ABOUT_RETURN_TYPE = YES_ERROR;
				GCC_WARN_UNDECLARED_SELECTOR = YES;
				GCC_WARN_UNINITIALIZED_AUTOS = YES_AGGRESSIVE;
				GCC_WARN_UNUSED_FUNCTION = YES;
				GCC_WARN_UNUSED_VARIABLE = YES;
				IPHONEOS_DEPLOYMENT_TARGET = 17.2;
				LOCALIZATION_PREFERS_STRING_CATALOGS = YES;
				MTL_ENABLE_DEBUG_INFO = NO;
				MTL_FAST_MATH = YES;
				SDKROOT = iphoneos;
				SWIFT_COMPILATION_MODE = wholemodule;
				VALIDATE_PRODUCT = YES;
			};
			name = Release;
		};
		F2EC31ED2CE7A9A900406866 /* Debug */ = {
			isa = XCBuildConfiguration;
			buildSettings = {
				ASSETCATALOG_COMPILER_APPICON_NAME = AppIcon;
				ASSETCATALOG_COMPILER_GLOBAL_ACCENT_COLOR_NAME = AccentColor;
				CODE_SIGN_STYLE = Automatic;
				CURRENT_PROJECT_VERSION = 1;
				DEVELOPMENT_ASSET_PATHS = "\"OnlineShop/Preview Content\"";
				DEVELOPMENT_TEAM = M37X5B5U46;
				ENABLE_PREVIEWS = YES;
				GENERATE_INFOPLIST_FILE = YES;
				INFOPLIST_KEY_UIApplicationSceneManifest_Generation = YES;
				INFOPLIST_KEY_UIApplicationSupportsIndirectInputEvents = YES;
				INFOPLIST_KEY_UILaunchScreen_Generation = YES;
				INFOPLIST_KEY_UISupportedInterfaceOrientations = UIInterfaceOrientationPortrait;
				INFOPLIST_KEY_UISupportedInterfaceOrientations_iPad = "UIInterfaceOrientationLandscapeLeft UIInterfaceOrientationLandscapeRight UIInterfaceOrientationPortrait UIInterfaceOrientationPortraitUpsideDown";
				LD_RUNPATH_SEARCH_PATHS = (
					"$(inherited)",
					"@executable_path/Frameworks",
				);
				MARKETING_VERSION = 1.0;
				PRODUCT_BUNDLE_IDENTIFIER = DenisSavishchev.OnlineShop;
				PRODUCT_NAME = "$(TARGET_NAME)";
				SUPPORTED_PLATFORMS = "iphoneos iphonesimulator";
				SUPPORTS_MACCATALYST = NO;
				SUPPORTS_MAC_DESIGNED_FOR_IPHONE_IPAD = NO;
				SUPPORTS_XR_DESIGNED_FOR_IPHONE_IPAD = NO;
				SWIFT_EMIT_LOC_STRINGS = YES;
				SWIFT_VERSION = 5.0;
				TARGETED_DEVICE_FAMILY = 1;
			};
			name = Debug;
		};
		F2EC31EE2CE7A9A900406866 /* Release */ = {
			isa = XCBuildConfiguration;
			buildSettings = {
				ASSETCATALOG_COMPILER_APPICON_NAME = AppIcon;
				ASSETCATALOG_COMPILER_GLOBAL_ACCENT_COLOR_NAME = AccentColor;
				CODE_SIGN_STYLE = Automatic;
				CURRENT_PROJECT_VERSION = 1;
				DEVELOPMENT_ASSET_PATHS = "\"OnlineShop/Preview Content\"";
				DEVELOPMENT_TEAM = M37X5B5U46;
				ENABLE_PREVIEWS = YES;
				GENERATE_INFOPLIST_FILE = YES;
				INFOPLIST_KEY_UIApplicationSceneManifest_Generation = YES;
				INFOPLIST_KEY_UIApplicationSupportsIndirectInputEvents = YES;
				INFOPLIST_KEY_UILaunchScreen_Generation = YES;
				INFOPLIST_KEY_UISupportedInterfaceOrientations = UIInterfaceOrientationPortrait;
				INFOPLIST_KEY_UISupportedInterfaceOrientations_iPad = "UIInterfaceOrientationLandscapeLeft UIInterfaceOrientationLandscapeRight UIInterfaceOrientationPortrait UIInterfaceOrientationPortraitUpsideDown";
				LD_RUNPATH_SEARCH_PATHS = (
					"$(inherited)",
					"@executable_path/Frameworks",
				);
				MARKETING_VERSION = 1.0;
				PRODUCT_BUNDLE_IDENTIFIER = DenisSavishchev.OnlineShop;
				PRODUCT_NAME = "$(TARGET_NAME)";
				SUPPORTED_PLATFORMS = "iphoneos iphonesimulator";
				SUPPORTS_MACCATALYST = NO;
				SUPPORTS_MAC_DESIGNED_FOR_IPHONE_IPAD = NO;
				SUPPORTS_XR_DESIGNED_FOR_IPHONE_IPAD = NO;
				SWIFT_EMIT_LOC_STRINGS = YES;
				SWIFT_VERSION = 5.0;
				TARGETED_DEVICE_FAMILY = 1;
			};
			name = Release;
		};
/* End XCBuildConfiguration section */

/* Begin XCConfigurationList section */
		F2EC31D92CE7A9A600406866 /* Build configuration list for PBXProject "OnlineShop" */ = {
			isa = XCConfigurationList;
			buildConfigurations = (
				F2EC31EA2CE7A9A900406866 /* Debug */,
				F2EC31EB2CE7A9A900406866 /* Release */,
			);
			defaultConfigurationIsVisible = 0;
			defaultConfigurationName = Release;
		};
		F2EC31EC2CE7A9A900406866 /* Build configuration list for PBXNativeTarget "OnlineShop" */ = {
			isa = XCConfigurationList;
			buildConfigurations = (
				F2EC31ED2CE7A9A900406866 /* Debug */,
				F2EC31EE2CE7A9A900406866 /* Release */,
			);
			defaultConfigurationIsVisible = 0;
			defaultConfigurationName = Release;
		};
/* End XCConfigurationList section */

/* Begin XCRemoteSwiftPackageReference section */
		F28BFA152CE7CA2100226D42 /* XCRemoteSwiftPackageReference "firebase-ios-sdk" */ = {
			isa = XCRemoteSwiftPackageReference;
			repositoryURL = "https://github.com/firebase/firebase-ios-sdk";
			requirement = {
				kind = upToNextMajorVersion;
				minimumVersion = 11.5.0;
			};
		};
/* End XCRemoteSwiftPackageReference section */

/* Begin XCSwiftPackageProductDependency section */
		F28BFA162CE7CA2100226D42 /* FirebaseAnalytics */ = {
			isa = XCSwiftPackageProductDependency;
			package = F28BFA152CE7CA2100226D42 /* XCRemoteSwiftPackageReference "firebase-ios-sdk" */;
			productName = FirebaseAnalytics;
		};
		F28BFA182CE7CA2100226D42 /* FirebaseAnalyticsOnDeviceConversion */ = {
			isa = XCSwiftPackageProductDependency;
			package = F28BFA152CE7CA2100226D42 /* XCRemoteSwiftPackageReference "firebase-ios-sdk" */;
			productName = FirebaseAnalyticsOnDeviceConversion;
		};
		F28BFA1A2CE7CA2100226D42 /* FirebaseAnalyticsWithoutAdIdSupport */ = {
			isa = XCSwiftPackageProductDependency;
			package = F28BFA152CE7CA2100226D42 /* XCRemoteSwiftPackageReference "firebase-ios-sdk" */;
			productName = FirebaseAnalyticsWithoutAdIdSupport;
		};
		F28BFA1C2CE7CA2100226D42 /* FirebaseAppCheck */ = {
			isa = XCSwiftPackageProductDependency;
			package = F28BFA152CE7CA2100226D42 /* XCRemoteSwiftPackageReference "firebase-ios-sdk" */;
			productName = FirebaseAppCheck;
		};
		F28BFA1E2CE7CA2100226D42 /* FirebaseAppDistribution-Beta */ = {
			isa = XCSwiftPackageProductDependency;
			package = F28BFA152CE7CA2100226D42 /* XCRemoteSwiftPackageReference "firebase-ios-sdk" */;
			productName = "FirebaseAppDistribution-Beta";
		};
		F28BFA202CE7CA2100226D42 /* FirebaseAuth */ = {
			isa = XCSwiftPackageProductDependency;
			package = F28BFA152CE7CA2100226D42 /* XCRemoteSwiftPackageReference "firebase-ios-sdk" */;
			productName = FirebaseAuth;
		};
		F28BFA222CE7CA2100226D42 /* FirebaseAuthCombine-Community */ = {
			isa = XCSwiftPackageProductDependency;
			package = F28BFA152CE7CA2100226D42 /* XCRemoteSwiftPackageReference "firebase-ios-sdk" */;
			productName = "FirebaseAuthCombine-Community";
		};
		F28BFA242CE7CA2100226D42 /* FirebaseCore */ = {
			isa = XCSwiftPackageProductDependency;
			package = F28BFA152CE7CA2100226D42 /* XCRemoteSwiftPackageReference "firebase-ios-sdk" */;
			productName = FirebaseCore;
		};
		F28BFA262CE7CA2100226D42 /* FirebaseCrashlytics */ = {
			isa = XCSwiftPackageProductDependency;
			package = F28BFA152CE7CA2100226D42 /* XCRemoteSwiftPackageReference "firebase-ios-sdk" */;
			productName = FirebaseCrashlytics;
		};
		F28BFA282CE7CA2100226D42 /* FirebaseDatabase */ = {
			isa = XCSwiftPackageProductDependency;
			package = F28BFA152CE7CA2100226D42 /* XCRemoteSwiftPackageReference "firebase-ios-sdk" */;
			productName = FirebaseDatabase;
		};
		F28BFA2A2CE7CA2100226D42 /* FirebaseDynamicLinks */ = {
			isa = XCSwiftPackageProductDependency;
			package = F28BFA152CE7CA2100226D42 /* XCRemoteSwiftPackageReference "firebase-ios-sdk" */;
			productName = FirebaseDynamicLinks;
		};
		F28BFA2C2CE7CA2100226D42 /* FirebaseFirestore */ = {
			isa = XCSwiftPackageProductDependency;
			package = F28BFA152CE7CA2100226D42 /* XCRemoteSwiftPackageReference "firebase-ios-sdk" */;
			productName = FirebaseFirestore;
		};
		F28BFA2E2CE7CA2100226D42 /* FirebaseFirestoreCombine-Community */ = {
			isa = XCSwiftPackageProductDependency;
			package = F28BFA152CE7CA2100226D42 /* XCRemoteSwiftPackageReference "firebase-ios-sdk" */;
			productName = "FirebaseFirestoreCombine-Community";
		};
		F28BFA302CE7CA2100226D42 /* FirebaseFunctions */ = {
			isa = XCSwiftPackageProductDependency;
			package = F28BFA152CE7CA2100226D42 /* XCRemoteSwiftPackageReference "firebase-ios-sdk" */;
			productName = FirebaseFunctions;
		};
		F28BFA322CE7CA2100226D42 /* FirebaseFunctionsCombine-Community */ = {
			isa = XCSwiftPackageProductDependency;
			package = F28BFA152CE7CA2100226D42 /* XCRemoteSwiftPackageReference "firebase-ios-sdk" */;
			productName = "FirebaseFunctionsCombine-Community";
		};
		F28BFA342CE7CA2100226D42 /* FirebaseInAppMessaging-Beta */ = {
			isa = XCSwiftPackageProductDependency;
			package = F28BFA152CE7CA2100226D42 /* XCRemoteSwiftPackageReference "firebase-ios-sdk" */;
			productName = "FirebaseInAppMessaging-Beta";
		};
		F28BFA362CE7CA2100226D42 /* FirebaseInstallations */ = {
			isa = XCSwiftPackageProductDependency;
			package = F28BFA152CE7CA2100226D42 /* XCRemoteSwiftPackageReference "firebase-ios-sdk" */;
			productName = FirebaseInstallations;
		};
		F28BFA382CE7CA2100226D42 /* FirebaseMLModelDownloader */ = {
			isa = XCSwiftPackageProductDependency;
			package = F28BFA152CE7CA2100226D42 /* XCRemoteSwiftPackageReference "firebase-ios-sdk" */;
			productName = FirebaseMLModelDownloader;
		};
		F28BFA3A2CE7CA2100226D42 /* FirebaseMessaging */ = {
			isa = XCSwiftPackageProductDependency;
			package = F28BFA152CE7CA2100226D42 /* XCRemoteSwiftPackageReference "firebase-ios-sdk" */;
			productName = FirebaseMessaging;
		};
		F28BFA3C2CE7CA2100226D42 /* FirebasePerformance */ = {
			isa = XCSwiftPackageProductDependency;
			package = F28BFA152CE7CA2100226D42 /* XCRemoteSwiftPackageReference "firebase-ios-sdk" */;
			productName = FirebasePerformance;
		};
		F28BFA3E2CE7CA2100226D42 /* FirebaseRemoteConfig */ = {
			isa = XCSwiftPackageProductDependency;
			package = F28BFA152CE7CA2100226D42 /* XCRemoteSwiftPackageReference "firebase-ios-sdk" */;
			productName = FirebaseRemoteConfig;
		};
		F28BFA402CE7CA2100226D42 /* FirebaseStorage */ = {
			isa = XCSwiftPackageProductDependency;
			package = F28BFA152CE7CA2100226D42 /* XCRemoteSwiftPackageReference "firebase-ios-sdk" */;
			productName = FirebaseStorage;
		};
		F28BFA422CE7CA2100226D42 /* FirebaseStorageCombine-Community */ = {
			isa = XCSwiftPackageProductDependency;
			package = F28BFA152CE7CA2100226D42 /* XCRemoteSwiftPackageReference "firebase-ios-sdk" */;
			productName = "FirebaseStorageCombine-Community";
		};
		F28BFA442CE7CA2100226D42 /* FirebaseVertexAI */ = {
			isa = XCSwiftPackageProductDependency;
			package = F28BFA152CE7CA2100226D42 /* XCRemoteSwiftPackageReference "firebase-ios-sdk" */;
			productName = FirebaseVertexAI;
		};
/* End XCSwiftPackageProductDependency section */
	};
	rootObject = F2EC31D62CE7A9A600406866 /* Project object */;
}
